
Microsoft Visual Studio Solution File, Format Version 12.00
# Visual Studio 15
VisualStudioVersion = 15.0.28307.1082
MinimumVisualStudioVersion = 10.0.40219.1
Project("{FAE04EC0-301F-11D3-BF4B-00C04F79EFBC}") = "MV.WPF.PlayerSimple", "MV.WPF.PlayerSimple\MV.WPF.PlayerSimple.csproj", "{12CC1DB3-BF74-43DF-B71D-0357FB73C799}"
EndProject
Global
	GlobalSection(SolutionConfigurationPlatforms) = preSolution
		Debug|Any CPU = Debug|Any CPU
		Release|Any CPU = Release|Any CPU
	EndGlobalSection
	GlobalSection(ProjectConfigurationPlatforms) = postSolution
		{12CC1DB3-BF74-43DF-B71D-0357FB73C799}.Debug|Any CPU.ActiveCfg = Debug|Any CPU
		{12CC1DB3-BF74-43DF-B71D-0357FB73C799}.Debug|Any CPU.Build.0 = Debug|Any CPU
		{12CC1DB3-BF74-43DF-B71D-0357FB73C799}.Release|Any CPU.ActiveCfg = Release|Any CPU
		{12CC1DB3-BF74-43DF-B71D-0357FB73C799}.Release|Any CPU.Build.0 = Release|Any CPU
	EndGlobalSection
	GlobalSection(SolutionProperties) = preSolution
		HideSolutionNode = FALSE
	EndGlobalSection
	GlobalSection(ExtensibilityGlobals) = postSolution
		SolutionGuid = {12FE73DF-1251-4A50-9187-CEC17F4769C5}
	EndGlobalSection
EndGlobal
